Microsoft Visual Studio Solution File, Format Version 12.00
# Visual Studio Version 17
VisualStudioVersion = 17.5.2.0
MinimumVisualStudioVersion = 10.0.40219.1
Project("{FAE04EC0-301F-11D3-BF4B-00C04F79EFBC}") = "TheCityGame", "TheCityGame\TheCityGame.csproj", "{D0E69805-9F5E-0318-96CE-B1D78E450F17}"
EndProject
Global
	GlobalSection(SolutionConfigurationPlatforms) = preSolution
		Debug|Any CPU = Debug|Any CPU
		Release|Any CPU = Release|Any CPU
	EndGlobalSection
	GlobalSection(ProjectConfigurationPlatforms) = postSolution
		{D0E69805-9F5E-0318-96CE-B1D78E450F17}.Debug|Any CPU.ActiveCfg = Debug|Any CPU
		{D0E69805-9F5E-0318-96CE-B1D78E450F17}.Debug|Any CPU.Build.0 = Debug|Any CPU
		{D0E69805-9F5E-0318-96CE-B1D78E450F17}.Release|Any CPU.ActiveCfg = Release|Any CPU
		{D0E69805-9F5E-0318-96CE-B1D78E450F17}.Release|Any CPU.Build.0 = Release|Any CPU
	EndGlobalSection
	GlobalSection(SolutionProperties) = preSolution
		HideSolutionNode = FALSE
	EndGlobalSection
	GlobalSection(ExtensibilityGlobals) = postSolution
		SolutionGuid = {AE268DAF-FB85-42BC-81BD-4BE6EF7D2C9C}
	EndGlobalSection
EndGlobal
